
Microsoft Visual Studio Solution File, Format Version 12.00
# Visual Studio Version 16
VisualStudioVersion = 16.0.30717.126
MinimumVisualStudioVersion = 10.0.40219.1
Project("{FAE04EC0-301F-11D3-BF4B-00C04F79EFBC}") = "ApiNetCore", "ApiNetCore\ApiNetCore.csproj", "{7CEBFE9F-B992-474B-BF1E-2B223FEAC509}"
EndProject
Project("{FAE04EC0-301F-11D3-BF4B-00C04F79EFBC}") = "ApiNetCore.Core", "ApiNetCore.Core\ApiNetCore.Core.csproj", "{1FF0A123-03F9-4D66-8D02-46D420208E18}"
EndProject
Project("{FAE04EC0-301F-11D3-BF4B-00C04F79EFBC}") = "ApiNetCore.Domain", "ApiNetCore.Domain\ApiNetCore.Domain.csproj", "{5ED50E45-E899-422E-B989-DF3273E43876}"
EndProject
Project("{FAE04EC0-301F-11D3-BF4B-00C04F79EFBC}") = "ApiNetCore.Infraestructure", "ApiNetCore.Infraestructure\ApiNetCore.Infraestructure.csproj", "{D88BF55C-DBA2-434D-832F-C3277F210AD9}"
EndProject
Global
	GlobalSection(SolutionConfigurationPlatforms) = preSolution
		Debug|Any CPU = Debug|Any CPU
		Release|Any CPU = Release|Any CPU
	EndGlobalSection
	GlobalSection(ProjectConfigurationPlatforms) = postSolution
		{7CEBFE9F-B992-474B-BF1E-2B223FEAC509}.Debug|Any CPU.ActiveCfg = Debug|Any CPU
		{7CEBFE9F-B992-474B-BF1E-2B223FEAC509}.Debug|Any CPU.Build.0 = Debug|Any CPU
		{7CEBFE9F-B992-474B-BF1E-2B223FEAC509}.Release|Any CPU.ActiveCfg = Release|Any CPU
		{7CEBFE9F-B992-474B-BF1E-2B223FEAC509}.Release|Any CPU.Build.0 = Release|Any CPU
		{1FF0A123-03F9-4D66-8D02-46D420208E18}.Debug|Any CPU.ActiveCfg = Debug|Any CPU
		{1FF0A123-03F9-4D66-8D02-46D420208E18}.Debug|Any CPU.Build.0 = Debug|Any CPU
		{1FF0A123-03F9-4D66-8D02-46D420208E18}.Release|Any CPU.ActiveCfg = Release|Any CPU
		{1FF0A123-03F9-4D66-8D02-46D420208E18}.Release|Any CPU.Build.0 = Release|Any CPU
		{5ED50E45-E899-422E-B989-DF3273E43876}.Debug|Any CPU.ActiveCfg = Debug|Any CPU
		{5ED50E45-E899-422E-B989-DF3273E43876}.Debug|Any CPU.Build.0 = Debug|Any CPU
		{5ED50E45-E899-422E-B989-DF3273E43876}.Release|Any CPU.ActiveCfg = Release|Any CPU
		{5ED50E45-E899-422E-B989-DF3273E43876}.Release|Any CPU.Build.0 = Release|Any CPU
		{D88BF55C-DBA2-434D-832F-C3277F210AD9}.Debug|Any CPU.ActiveCfg = Debug|Any CPU
		{D88BF55C-DBA2-434D-832F-C3277F210AD9}.Debug|Any CPU.Build.0 = Debug|Any CPU
		{D88BF55C-DBA2-434D-832F-C3277F210AD9}.Release|Any CPU.ActiveCfg = Release|Any CPU
		{D88BF55C-DBA2-434D-832F-C3277F210AD9}.Release|Any CPU.Build.0 = Release|Any CPU
	EndGlobalSection
	GlobalSection(SolutionProperties) = preSolution
		HideSolutionNode = FALSE
	EndGlobalSection
	GlobalSection(ExtensibilityGlobals) = postSolution
		SolutionGuid = {AE5FCD5C-A9D0-4433-9B7F-949913650F26}
	EndGlobalSection
EndGlobal
